// !$*UTF8*$!
{
	archiveVersion = 1;
	classes = {
	};
	objectVersion = 56;
	objects = {

/* Begin PBXBuildFile section */
		C130CA2C2BC2124E00F4F2DB /* main.cpp in Sources */ = {isa = PBXBuildFile; fileRef = C130CA2B2BC2124E00F4F2DB /* main.cpp */; };
		C130CA342BC2341A00F4F2DB /* Tooter.cpp in Sources */ = {isa = PBXBuildFile; fileRef = C130CA322BC2341A00F4F2DB /* Tooter.cpp */; };
		C130CA372BC2343500F4F2DB /* Player.cpp in Sources */ = {isa = PBXBuildFile; fileRef = C130CA352BC2343500F4F2DB /* Player.cpp */; };
		C130CA3A2BC2385600F4F2DB /* History.cpp in Sources */ = {isa = PBXBuildFile; fileRef = C130CA382BC2385600F4F2DB /* History.cpp */; };
		C130CA3D2BC2386E00F4F2DB /* City.cpp in Sources */ = {isa = PBXBuildFile; fileRef = C130CA3B2BC2386E00F4F2DB /* City.cpp */; };
		C130CA402BC2388F00F4F2DB /* Game.cpp in Sources */ = {isa = PBXBuildFile; fileRef = C130CA3E2BC2388F00F4F2DB /* Game.cpp */; };
		C130CA422BC238B500F4F2DB /* utilities.cpp in Sources */ = {isa = PBXBuildFile; fileRef = C130CA412BC238B500F4F2DB /* utilities.cpp */; };
/* End PBXBuildFile section */

/* Begin PBXCopyFilesBuildPhase section */
		C130CA262BC2124E00F4F2DB /* CopyFiles */ = {
			isa = PBXCopyFilesBuildPhase;
			buildActionMask = 2147483647;
			dstPath = /usr/share/man/man1/;
			dstSubfolderSpec = 0;
			files = (
			);
			runOnlyForDeploymentPostprocessing = 1;
		};
/* End PBXCopyFilesBuildPhase section */

/* Begin PBXFileReference section */
		C130CA282BC2124E00F4F2DB /* s24project1 */ = {isa = PBXFileReference; explicitFileType = "compiled.mach-o.executable"; includeInIndex = 0; path = s24project1; sourceTree = BUILT_PRODUCTS_DIR; };
		C130CA2B2BC2124E00F4F2DB /* main.cpp */ = {isa = PBXFileReference; lastKnownFileType = sourcecode.cpp.cpp; path = main.cpp; sourceTree = "<group>"; };
		C130CA322BC2341A00F4F2DB /* Tooter.cpp */ = {isa = PBXFileReference; lastKnownFileType = sourcecode.cpp.cpp; path = Tooter.cpp; sourceTree = "<group>"; };
		C130CA332BC2341A00F4F2DB /* Tooter.h */ = {isa = PBXFileReference; lastKnownFileType = sourcecode.c.h; path = Tooter.h; sourceTree = "<group>"; };
		C130CA352BC2343500F4F2DB /* Player.cpp */ = {isa = PBXFileReference; lastKnownFileType = sourcecode.cpp.cpp; path = Player.cpp; sourceTree = "<group>"; };
		C130CA362BC2343500F4F2DB /* Player.h */ = {isa = PBXFileReference; lastKnownFileType = sourcecode.c.h; path = Player.h; sourceTree = "<group>"; };
		C130CA382BC2385600F4F2DB /* History.cpp */ = {isa = PBXFileReference; lastKnownFileType = sourcecode.cpp.cpp; path = History.cpp; sourceTree = "<group>"; };
		C130CA392BC2385600F4F2DB /* History.h */ = {isa = PBXFileReference; lastKnownFileType = sourcecode.c.h; path = History.h; sourceTree = "<group>"; };
		C130CA3B2BC2386E00F4F2DB /* City.cpp */ = {isa = PBXFileReference; lastKnownFileType = sourcecode.cpp.cpp; path = City.cpp; sourceTree = "<group>"; };
		C130CA3C2BC2386E00F4F2DB /* City.h */ = {isa = PBXFileReference; lastKnownFileType = sourcecode.c.h; path = City.h; sourceTree = "<group>"; };
		C130CA3E2BC2388F00F4F2DB /* Game.cpp */ = {isa = PBXFileReference; lastKnownFileType = sourcecode.cpp.cpp; path = Game.cpp; sourceTree = "<group>"; };
		C130CA3F2BC2388F00F4F2DB /* Game.h */ = {isa = PBXFileReference; lastKnownFileType = sourcecode.c.h; path = Game.h; sourceTree = "<group>"; };
		C130CA412BC238B500F4F2DB /* utilities.cpp */ = {isa = PBXFileReference; lastKnownFileType = sourcecode.cpp.cpp; path = utilities.cpp; sourceTree = "<group>"; };
		C130CA432BC238CF00F4F2DB /* globals.h */ = {isa = PBXFileReference; lastKnownFileType = sourcecode.c.h; path = globals.h; sourceTree = "<group>"; };
/* End PBXFileReference section */

/* Begin PBXFrameworksBuildPhase section */
		C130CA252BC2124E00F4F2DB /* Frameworks */ = {
			isa = PBXFrameworksBuildPhase;
			buildActionMask = 2147483647;
			files = (
			);
			runOnlyForDeploymentPostprocessing = 0;
		};
/* End PBXFrameworksBuildPhase section */

/* Begin PBXGroup section */
		C130CA1F2BC2124E00F4F2DB = {
			isa = PBXGroup;
			children = (
				C130CA2A2BC2124E00F4F2DB /* s24project1 */,
				C130CA292BC2124E00F4F2DB /* Products */,
			);
			sourceTree = "<group>";
		};
		C130CA292BC2124E00F4F2DB /* Products */ = {
			isa = PBXGroup;
			children = (
				C130CA282BC2124E00F4F2DB /* s24project1 */,
			);
			name = Products;
			sourceTree = "<group>";
		};
		C130CA2A2BC2124E00F4F2DB /* s24project1 */ = {
			isa = PBXGroup;
			children = (
				C130CA2B2BC2124E00F4F2DB /* main.cpp */,
				C130CA322BC2341A00F4F2DB /* Tooter.cpp */,
				C130CA352BC2343500F4F2DB /* Player.cpp */,
				C130CA382BC2385600F4F2DB /* History.cpp */,
				C130CA3B2BC2386E00F4F2DB /* City.cpp */,
				C130CA3E2BC2388F00F4F2DB /* Game.cpp */,
				C130CA412BC238B500F4F2DB /* utilities.cpp */,
				C130CA332BC2341A00F4F2DB /* Tooter.h */,
				C130CA362BC2343500F4F2DB /* Player.h */,
				C130CA392BC2385600F4F2DB /* History.h */,
				C130CA3C2BC2386E00F4F2DB /* City.h */,
				C130CA3F2BC2388F00F4F2DB /* Game.h */,
				C130CA432BC238CF00F4F2DB /* globals.h */,
			);
			path = s24project1;
			sourceTree = "<group>";
		};
/* End PBXGroup section */

/* Begin PBXNativeTarget section */
		C130CA272BC2124E00F4F2DB /* s24project1 */ = {
			isa = PBXNativeTarget;
			buildConfigurationList = C130CA2F2BC2124E00F4F2DB /* Build configuration list for PBXNativeTarget "s24project1" */;
			buildPhases = (
				C130CA242BC2124E00F4F2DB /* Sources */,
				C130CA252BC2124E00F4F2DB /* Frameworks */,
				C130CA262BC2124E00F4F2DB /* CopyFiles */,
			);
			buildRules = (
			);
			dependencies = (
			);
			name = s24project1;
			productName = s24project1;
			productReference = C130CA282BC2124E00F4F2DB /* s24project1 */;
			productType = "com.apple.product-type.tool";
		};
/* End PBXNativeTarget section */

/* Begin PBXProject section */
		C130CA202BC2124E00F4F2DB /* Project object */ = {
			isa = PBXProject;
			attributes = {
				BuildIndependentTargetsInParallel = 1;
				LastUpgradeCheck = 1520;
				TargetAttributes = {
					C130CA272BC2124E00F4F2DB = {
						CreatedOnToolsVersion = 15.2;
					};
				};
			};
			buildConfigurationList = C130CA232BC2124E00F4F2DB /* Build configuration list for PBXProject "s24project1" */;
			compatibilityVersion = "Xcode 14.0";
			developmentRegion = en;
			hasScannedForEncodings = 0;
			knownRegions = (
				en,
				Base,
			);
			mainGroup = C130CA1F2BC2124E00F4F2DB;
			productRefGroup = C130CA292BC2124E00F4F2DB /* Products */;
			projectDirPath = "";
			projectRoot = "";
			targets = (
				C130CA272BC2124E00F4F2DB /* s24project1 */,
			);
		};
/* End PBXProject section */

/* Begin PBXSourcesBuildPhase section */
		C130CA242BC2124E00F4F2DB /* Sources */ = {
			isa = PBXSourcesBuildPhase;
			buildActionMask = 2147483647;
			files = (
				C130CA342BC2341A00F4F2DB /* Tooter.cpp in Sources */,
				C130CA2C2BC2124E00F4F2DB /* main.cpp in Sources */,
				C130CA3A2BC2385600F4F2DB /* History.cpp in Sources */,
				C130CA402BC2388F00F4F2DB /* Game.cpp in Sources */,
				C130CA372BC2343500F4F2DB /* Player.cpp in Sources */,
				C130CA422BC238B500F4F2DB /* utilities.cpp in Sources */,
				C130CA3D2BC2386E00F4F2DB /* City.cpp in Sources */,
			);
			runOnlyForDeploymentPostprocessing = 0;
		};
/* End PBXSourcesBuildPhase section */

/* Begin XCBuildConfiguration section */
		C130CA2D2BC2124E00F4F2DB /* Debug */ = {
			isa = XCBuildConfiguration;
			buildSettings = {
				ALWAYS_SEARCH_USER_PATHS = NO;
				ASSETCATALOG_COMPILER_GENERATE_SWIFT_ASSET_SYMBOL_EXTENSIONS = YES;
				CLANG_ANALYZER_NONNULL = YES;
				CLANG_ANALYZER_NUMBER_OBJECT_CONVERSION = YES_AGGRESSIVE;
				CLANG_CXX_LANGUAGE_STANDARD = "gnu++20";
				CLANG_ENABLE_MODULES = YES;
				CLANG_ENABLE_OBJC_ARC = YES;
				CLANG_ENABLE_OBJC_WEAK = YES;
				CLANG_WARN_BLOCK_CAPTURE_AUTORELEASING = YES;
				CLANG_WARN_BOOL_CONVERSION = YES;
				CLANG_WARN_COMMA = YES;
				CLANG_WARN_CONSTANT_CONVERSION = YES;
				CLANG_WARN_DEPRECATED_OBJC_IMPLEMENTATIONS = YES;
				CLANG_WARN_DIRECT_OBJC_ISA_USAGE = YES_ERROR;
				CLANG_WARN_DOCUMENTATION_COMMENTS = YES;
				CLANG_WARN_EMPTY_BODY = YES;
				CLANG_WARN_ENUM_CONVERSION = YES;
				CLANG_WARN_INFINITE_RECURSION = YES;
				CLANG_WARN_INT_CONVERSION = YES;
				CLANG_WARN_NON_LITERAL_NULL_CONVERSION = YES;
				CLANG_WARN_OBJC_IMPLICIT_RETAIN_SELF = YES;
				CLANG_WARN_OBJC_LITERAL_CONVERSION = YES;
				CLANG_WARN_OBJC_ROOT_CLASS = YES_ERROR;
				CLANG_WARN_QUOTED_INCLUDE_IN_FRAMEWORK_HEADER = YES;
				CLANG_WARN_RANGE_LOOP_ANALYSIS = YES;
				CLANG_WARN_STRICT_PROTOTYPES = YES;
				CLANG_WARN_SUSPICIOUS_MOVE = YES;
				CLANG_WARN_UNGUARDED_AVAILABILITY = YES_AGGRESSIVE;
				CLANG_WARN_UNREACHABLE_CODE = YES;
				CLANG_WARN__DUPLICATE_METHOD_MATCH = YES;
				COPY_PHASE_STRIP = NO;
				DEBUG_INFORMATION_FORMAT = dwarf;
				ENABLE_STRICT_OBJC_MSGSEND = YES;
				ENABLE_TESTABILITY = YES;
				ENABLE_USER_SCRIPT_SANDBOXING = YES;
				GCC_C_LANGUAGE_STANDARD = gnu17;
				GCC_DYNAMIC_NO_PIC = NO;
				GCC_NO_COMMON_BLOCKS = YES;
				GCC_OPTIMIZATION_LEVEL = 0;
				GCC_PREPROCESSOR_DEFINITIONS = (
					"DEBUG=1",
					"$(inherited)",
				);
				GCC_WARN_64_TO_32_BIT_CONVERSION = YES;
				GCC_WARN_ABOUT_RETURN_TYPE = YES_ERROR;
				GCC_WARN_UNDECLARED_SELECTOR = YES;
				GCC_WARN_UNINITIALIZED_AUTOS = YES_AGGRESSIVE;
				GCC_WARN_UNUSED_FUNCTION = YES;
				GCC_WARN_UNUSED_VARIABLE = YES;
				LOCALIZATION_PREFERS_STRING_CATALOGS = YES;
				MACOSX_DEPLOYMENT_TARGET = 14.2;
				MTL_ENABLE_DEBUG_INFO = INCLUDE_SOURCE;
				MTL_FAST_MATH = YES;
				ONLY_ACTIVE_ARCH = YES;
				SDKROOT = macosx;
			};
			name = Debug;
		};
		C130CA2E2BC2124E00F4F2DB /* Release */ = {
			isa = XCBuildConfiguration;
			buildSettings = {
				ALWAYS_SEARCH_USER_PATHS = NO;
				ASSETCATALOG_COMPILER_GENERATE_SWIFT_ASSET_SYMBOL_EXTENSIONS = YES;
				CLANG_ANALYZER_NONNULL = YES;
				CLANG_ANALYZER_NUMBER_OBJECT_CONVERSION = YES_AGGRESSIVE;
				CLANG_CXX_LANGUAGE_STANDARD = "gnu++20";
				CLANG_ENABLE_MODULES = YES;
				CLANG_ENABLE_OBJC_ARC = YES;
				CLANG_ENABLE_OBJC_WEAK = YES;
				CLANG_WARN_BLOCK_CAPTURE_AUTORELEASING = YES;
				CLANG_WARN_BOOL_CONVERSION = YES;
				CLANG_WARN_COMMA = YES;
				CLANG_WARN_CONSTANT_CONVERSION = YES;
				CLANG_WARN_DEPRECATED_OBJC_IMPLEMENTATIONS = YES;
				CLANG_WARN_DIRECT_OBJC_ISA_USAGE = YES_ERROR;
				CLANG_WARN_DOCUMENTATION_COMMENTS = YES;
				CLANG_WARN_EMPTY_BODY = YES;
				CLANG_WARN_ENUM_CONVERSION = YES;
				CLANG_WARN_INFINITE_RECURSION = YES;
				CLANG_WARN_INT_CONVERSION = YES;
				CLANG_WARN_NON_LITERAL_NULL_CONVERSION = YES;
				CLANG_WARN_OBJC_IMPLICIT_RETAIN_SELF = YES;
				CLANG_WARN_OBJC_LITERAL_CONVERSION = YES;
				CLANG_WARN_OBJC_ROOT_CLASS = YES_ERROR;
				CLANG_WARN_QUOTED_INCLUDE_IN_FRAMEWORK_HEADER = YES;
				CLANG_WARN_RANGE_LOOP_ANALYSIS = YES;
				CLANG_WARN_STRICT_PROTOTYPES = YES;
				CLANG_WARN_SUSPICIOUS_MOVE = YES;
				CLANG_WARN_UNGUARDED_AVAILABILITY = YES_AGGRESSIVE;
				CLANG_WARN_UNREACHABLE_CODE = YES;
				CLANG_WARN__DUPLICATE_METHOD_MATCH = YES;
				COPY_PHASE_STRIP = NO;
				DEBUG_INFORMATION_FORMAT = "dwarf-with-dsym";
				ENABLE_NS_ASSERTIONS = NO;
				ENABLE_STRICT_OBJC_MSGSEND = YES;
				ENABLE_USER_SCRIPT_SANDBOXING = YES;
				GCC_C_LANGUAGE_STANDARD = gnu17;
				GCC_NO_COMMON_BLOCKS = YES;
				GCC_WARN_64_TO_32_BIT_CONVERSION = YES;
				GCC_WARN_ABOUT_RETURN_TYPE = YES_ERROR;
				GCC_WARN_UNDECLARED_SELECTOR = YES;
				GCC_WARN_UNINITIALIZED_AUTOS = YES_AGGRESSIVE;
				GCC_WARN_UNUSED_FUNCTION = YES;
				GCC_WARN_UNUSED_VARIABLE = YES;
				LOCALIZATION_PREFERS_STRING_CATALOGS = YES;
				MACOSX_DEPLOYMENT_TARGET = 14.2;
				MTL_ENABLE_DEBUG_INFO = NO;
				MTL_FAST_MATH = YES;
				SDKROOT = macosx;
			};
			name = Release;
		};
		C130CA302BC2124E00F4F2DB /* Debug */ = {
			isa = XCBuildConfiguration;
			buildSettings = {
				CODE_SIGN_STYLE = Automatic;
				PRODUCT_NAME = "$(TARGET_NAME)";
			};
			name = Debug;
		};
		C130CA312BC2124E00F4F2DB /* Release */ = {
			isa = XCBuildConfiguration;
			buildSettings = {
				CODE_SIGN_STYLE = Automatic;
				PRODUCT_NAME = "$(TARGET_NAME)";
			};
			name = Release;
		};
/* End XCBuildConfiguration section */

/* Begin XCConfigurationList section */
		C130CA232BC2124E00F4F2DB /* Build configuration list for PBXProject "s24project1" */ = {
			isa = XCConfigurationList;
			buildConfigurations = (
				C130CA2D2BC2124E00F4F2DB /* Debug */,
				C130CA2E2BC2124E00F4F2DB /* Release */,
			);
			defaultConfigurationIsVisible = 0;
			defaultConfigurationName = Release;
		};
		C130CA2F2BC2124E00F4F2DB /* Build configuration list for PBXNativeTarget "s24project1" */ = {
			isa = XCConfigurationList;
			buildConfigurations = (
				C130CA302BC2124E00F4F2DB /* Debug */,
				C130CA312BC2124E00F4F2DB /* Release */,
			);
			defaultConfigurationIsVisible = 0;
			defaultConfigurationName = Release;
		};
/* End XCConfigurationList section */
	};
	rootObject = C130CA202BC2124E00F4F2DB /* Project object */;
}
